
Microsoft Visual Studio Solution File, Format Version 12.00
# Visual Studio 14
VisualStudioVersion = 14.0.25123.0
MinimumVisualStudioVersion = 10.0.40219.1
Project("{FAE04EC0-301F-11D3-BF4B-00C04F79EFBC}") = "Enterprise.Sfdc.Service", "Enterprise.Sfdc.Service\Enterprise.Sfdc.Service.csproj", "{15B3E0D2-6217-493A-A690-158C497F5318}"
EndProject
Project("{FAE04EC0-301F-11D3-BF4B-00C04F79EFBC}") = "Enterprise.Sfdc.Service.Contracts", "Enterprise.Sfdc.Service.Contracts\Enterprise.Sfdc.Service.Contracts.csproj", "{17F14840-5201-4A76-963A-351B9304417D}"
EndProject
Project("{FAE04EC0-301F-11D3-BF4B-00C04F79EFBC}") = "Enterprise.Sfdc.Service.Host", "Enterprise.Sfdc.Service.Host\Enterprise.Sfdc.Service.Host.csproj", "{58167799-70D9-4BE8-B79C-EC14F35593E6}"
EndProject
Project("{FAE04EC0-301F-11D3-BF4B-00C04F79EFBC}") = "Enterprise.Sfdc", "Enterprise.Sfdc\Enterprise.Sfdc.csproj", "{F2A1C92D-AC6F-4DA4-B897-7EFAD26AEB32}"
EndProject
Project("{FAE04EC0-301F-11D3-BF4B-00C04F79EFBC}") = "TestClient", "TestClient\TestClient.csproj", "{99BB4302-BDA0-4EDA-AA3D-E76A9EF31A50}"
	ProjectSection(ProjectDependencies) = postProject
		{58167799-70D9-4BE8-B79C-EC14F35593E6} = {58167799-70D9-4BE8-B79C-EC14F35593E6}
	EndProjectSection
EndProject
Project("{FAE04EC0-301F-11D3-BF4B-00C04F79EFBC}") = "Enterprise.Sfdc.Service.Tests", "Enterprise.Sfdc.Service.Tests\Enterprise.Sfdc.Service.Tests.csproj", "{8EDF4429-251A-416D-BB68-93F227191BCF}"
	ProjectSection(ProjectDependencies) = postProject
		{58167799-70D9-4BE8-B79C-EC14F35593E6} = {58167799-70D9-4BE8-B79C-EC14F35593E6}
	EndProjectSection
EndProject
Global
	GlobalSection(SolutionConfigurationPlatforms) = preSolution
		Debug|Any CPU = Debug|Any CPU
		Release|Any CPU = Release|Any CPU
	EndGlobalSection
	GlobalSection(ProjectConfigurationPlatforms) = postSolution
		{15B3E0D2-6217-493A-A690-158C497F5318}.Debug|Any CPU.ActiveCfg = Debug|Any CPU
		{15B3E0D2-6217-493A-A690-158C497F5318}.Debug|Any CPU.Build.0 = Debug|Any CPU
		{15B3E0D2-6217-493A-A690-158C497F5318}.Release|Any CPU.ActiveCfg = Release|Any CPU
		{15B3E0D2-6217-493A-A690-158C497F5318}.Release|Any CPU.Build.0 = Release|Any CPU
		{17F14840-5201-4A76-963A-351B9304417D}.Debug|Any CPU.ActiveCfg = Debug|Any CPU
		{17F14840-5201-4A76-963A-351B9304417D}.Debug|Any CPU.Build.0 = Debug|Any CPU
		{17F14840-5201-4A76-963A-351B9304417D}.Release|Any CPU.ActiveCfg = Release|Any CPU
		{17F14840-5201-4A76-963A-351B9304417D}.Release|Any CPU.Build.0 = Release|Any CPU
		{58167799-70D9-4BE8-B79C-EC14F35593E6}.Debug|Any CPU.ActiveCfg = Debug|Any CPU
		{58167799-70D9-4BE8-B79C-EC14F35593E6}.Debug|Any CPU.Build.0 = Debug|Any CPU
		{58167799-70D9-4BE8-B79C-EC14F35593E6}.Release|Any CPU.ActiveCfg = Release|Any CPU
		{58167799-70D9-4BE8-B79C-EC14F35593E6}.Release|Any CPU.Build.0 = Release|Any CPU
		{F2A1C92D-AC6F-4DA4-B897-7EFAD26AEB32}.Debug|Any CPU.ActiveCfg = Debug|Any CPU
		{F2A1C92D-AC6F-4DA4-B897-7EFAD26AEB32}.Debug|Any CPU.Build.0 = Debug|Any CPU
		{F2A1C92D-AC6F-4DA4-B897-7EFAD26AEB32}.Release|Any CPU.ActiveCfg = Release|Any CPU
		{F2A1C92D-AC6F-4DA4-B897-7EFAD26AEB32}.Release|Any CPU.Build.0 = Release|Any CPU
		{99BB4302-BDA0-4EDA-AA3D-E76A9EF31A50}.Debug|Any CPU.ActiveCfg = Debug|Any CPU
		{99BB4302-BDA0-4EDA-AA3D-E76A9EF31A50}.Debug|Any CPU.Build.0 = Debug|Any CPU
		{99BB4302-BDA0-4EDA-AA3D-E76A9EF31A50}.Release|Any CPU.ActiveCfg = Release|Any CPU
		{99BB4302-BDA0-4EDA-AA3D-E76A9EF31A50}.Release|Any CPU.Build.0 = Release|Any CPU
		{8EDF4429-251A-416D-BB68-93F227191BCF}.Debug|Any CPU.ActiveCfg = Debug|Any CPU
		{8EDF4429-251A-416D-BB68-93F227191BCF}.Debug|Any CPU.Build.0 = Debug|Any CPU
		{8EDF4429-251A-416D-BB68-93F227191BCF}.Release|Any CPU.ActiveCfg = Release|Any CPU
		{8EDF4429-251A-416D-BB68-93F227191BCF}.Release|Any CPU.Build.0 = Release|Any CPU
	EndGlobalSection
	GlobalSection(SolutionProperties) = preSolution
		HideSolutionNode = FALSE
	EndGlobalSection
EndGlobal
